// !$*UTF8*$!
{
	archiveVersion = 1;
	classes = {
	};
	objectVersion = 77;
	objects = {

/* Begin PBXContainerItemProxy section */
		799AB0612F60E6C600E34CC6 /* PBXContainerItemProxy */ = {
			isa = PBXContainerItemProxy;
			containerPortal = 799AB04B2F60E6C500E34CC6 /* Project object */;
			proxyType = 1;
			remoteGlobalIDString = 799AB0522F60E6C500E34CC6;
			remoteInfo = Clicher;
		};
		799AB06B2F60E6C600E34CC6 /* PBXContainerItemProxy */ = {
			isa = PBXContainerItemProxy;
			containerPortal = 799AB04B2F60E6C500E34CC6 /* Project object */;
			proxyType = 1;
			remoteGlobalIDString = 799AB0522F60E6C500E34CC6;
			remoteInfo = Clicher;
		};
/* End PBXContainerItemProxy section */

/* Begin PBXFileReference section */
		799AB0532F60E6C500E34CC6 /* Clicher.app */ = {isa = PBXFileReference; explicitFileType = wrapper.application; includeInIndex = 0; path = Clicher.app; sourceTree = BUILT_PRODUCTS_DIR; };
		799AB0602F60E6C600E34CC6 /* ClicherTests.xctest */ = {isa = PBXFileReference; explicitFileType = wrapper.cfbundle; includeInIndex = 0; path = ClicherTests.xctest; sourceTree = BUILT_PRODUCTS_DIR; };
		799AB06A2F60E6C600E34CC6 /* ClicherUITests.xctest */ = {isa = PBXFileReference; explicitFileType = wrapper.cfbundle; includeInIndex = 0; path = ClicherUITests.xctest; sourceTree = BUILT_PRODUCTS_DIR; };
/* End PBXFileReference section */

/* Begin PBXFileSystemSynchronizedRootGroup section */
		799AB0552F60E6C500E34CC6 /* Clicher */ = {
			isa = PBXFileSystemSynchronizedRootGroup;
			path = Clicher;
			sourceTree = "<group>";
		};
		799AB0632F60E6C600E34CC6 /* ClicherTests */ = {
			isa = PBXFileSystemSynchronizedRootGroup;
			path = ClicherTests;
			sourceTree = "<group>";
		};
		799AB06D2F60E6C600E34CC6 /* ClicherUITests */ = {
			isa = PBXFileSystemSynchronizedRootGroup;
			path = ClicherUITests;
			sourceTree = "<group>";
		};
/* End PBXFileSystemSynchronizedRootGroup section */

/* Begin PBXFrameworksBuildPhase section */
		799AB0502F60E6C500E34CC6 /* Frameworks */ = {
			isa = PBXFrameworksBuildPhase;
			buildActionMask = 2147483647;
			files = (
			);
			runOnlyForDeploymentPostprocessing = 0;
		};
		799AB05D2F60E6C600E34CC6 /* Frameworks */ = {
			isa = PBXFrameworksBuildPhase;
			buildActionMask = 2147483647;
			files = (
			);
			runOnlyForDeploymentPostprocessing = 0;
		};
		799AB0672F60E6C600E34CC6 /* Frameworks */ = {
			isa = PBXFrameworksBuildPhase;
			buildActionMask = 2147483647;
			files = (
			);
			runOnlyForDeploymentPostprocessing = 0;
		};
/* End PBXFrameworksBuildPhase section */

/* Begin PBXGroup section */
		799AB04A2F60E6C500E34CC6 = {
			isa = PBXGroup;
			children = (
				799AB0552F60E6C500E34CC6 /* Clicher */,
				799AB0632F60E6C600E34CC6 /* ClicherTests */,
				799AB06D2F60E6C600E34CC6 /* ClicherUITests */,
				799AB0542F60E6C500E34CC6 /* Products */,
			);
			sourceTree = "<group>";
		};
		799AB0542F60E6C500E34CC6 /* Products */ = {
			isa = PBXGroup;
			children = (
				799AB0532F60E6C500E34CC6 /* Clicher.app */,
				799AB0602F60E6C600E34CC6 /* ClicherTests.xctest */,
				799AB06A2F60E6C600E34CC6 /* ClicherUITests.xctest */,
			);
			name = Products;
			sourceTree = "<group>";
		};
/* End PBXGroup section */

/* Begin PBXNativeTarget section */
		799AB0522F60E6C500E34CC6 /* Clicher */ = {
			isa = PBXNativeTarget;
			buildConfigurationList = 799AB0742F60E6C600E34CC6 /* Build configuration list for PBXNativeTarget "Clicher" */;
			buildPhases = (
				799AB04F2F60E6C500E34CC6 /* Sources */,
				799AB0502F60E6C500E34CC6 /* Frameworks */,
				799AB0512F60E6C500E34CC6 /* Resources */,
			);
			buildRules = (
			);
			dependencies = (
			);
			fileSystemSynchronizedGroups = (
				799AB0552F60E6C500E34CC6 /* Clicher */,
			);
			name = Clicher;
			packageProductDependencies = (
				AA0002012F70B00000000001 /* SharedModels */,
				AA0002012F70B00000000002 /* Utilities */,
				AA0002012F70B00000000003 /* CaptureEngine */,
				AA0002012F70B00000000004 /* AnnotateEngine */,
				AA0002012F70B00000000005 /* OverlayUI */,
			);
			productName = Clicher;
			productReference = 799AB0532F60E6C500E34CC6 /* Clicher.app */;
			productType = "com.apple.product-type.application";
		};
		799AB05F2F60E6C600E34CC6 /* ClicherTests */ = {
			isa = PBXNativeTarget;
			buildConfigurationList = 799AB0772F60E6C600E34CC6 /* Build configuration list for PBXNativeTarget "ClicherTests" */;
			buildPhases = (
				799AB05C2F60E6C600E34CC6 /* Sources */,
				799AB05D2F60E6C600E34CC6 /* Frameworks */,
				799AB05E2F60E6C600E34CC6 /* Resources */,
			);
			buildRules = (
			);
			dependencies = (
				799AB0622F60E6C600E34CC6 /* PBXTargetDependency */,
			);
			fileSystemSynchronizedGroups = (
				799AB0632F60E6C600E34CC6 /* ClicherTests */,
			);
			name = ClicherTests;
			packageProductDependencies = (
			);
			productName = ClicherTests;
			productReference = 799AB0602F60E6C600E34CC6 /* ClicherTests.xctest */;
			productType = "com.apple.product-type.bundle.unit-test";
		};
		799AB0692F60E6C600E34CC6 /* ClicherUITests */ = {
			isa = PBXNativeTarget;
			buildConfigurationList = 799AB07A2F60E6C600E34CC6 /* Build configuration list for PBXNativeTarget "ClicherUITests" */;
			buildPhases = (
				799AB0662F60E6C600E34CC6 /* Sources */,
				799AB0672F60E6C600E34CC6 /* Frameworks */,
				799AB0682F60E6C600E34CC6 /* Resources */,
			);
			buildRules = (
			);
			dependencies = (
				799AB06C2F60E6C600E34CC6 /* PBXTargetDependency */,
			);
			fileSystemSynchronizedGroups = (
				799AB06D2F60E6C600E34CC6 /* ClicherUITests */,
			);
			name = ClicherUITests;
			packageProductDependencies = (
			);
			productName = ClicherUITests;
			productReference = 799AB06A2F60E6C600E34CC6 /* ClicherUITests.xctest */;
			productType = "com.apple.product-type.bundle.ui-testing";
		};
/* End PBXNativeTarget section */

/* Begin PBXProject section */
		799AB04B2F60E6C500E34CC6 /* Project object */ = {
			isa = PBXProject;
			attributes = {
				BuildIndependentTargetsInParallel = 1;
				LastSwiftUpdateCheck = 2640;
				LastUpgradeCheck = 2640;
				TargetAttributes = {
					799AB0522F60E6C500E34CC6 = {
						CreatedOnToolsVersion = 26.4;
					};
					799AB05F2F60E6C600E34CC6 = {
						CreatedOnToolsVersion = 26.4;
						TestTargetID = 799AB0522F60E6C500E34CC6;
					};
					799AB0692F60E6C600E34CC6 = {
						CreatedOnToolsVersion = 26.4;
						TestTargetID = 799AB0522F60E6C500E34CC6;
					};
				};
			};
			buildConfigurationList = 799AB04E2F60E6C500E34CC6 /* Build configuration list for PBXProject "Clicher" */;
			developmentRegion = en;
			hasScannedForEncodings = 0;
			knownRegions = (
				en,
				Base,
			);
			mainGroup = 799AB04A2F60E6C500E34CC6;
			minimizedProjectReferenceProxies = 1;
			preferredProjectObjectVersion = 77;
			productRefGroup = 799AB0542F60E6C500E34CC6 /* Products */;
			packageReferences = (
				AA0001012F70A00000000001 /* XCLocalSwiftPackageReference "Packages/SharedModels" */,
				AA0001012F70A00000000002 /* XCLocalSwiftPackageReference "Packages/Utilities" */,
				AA0001012F70A00000000003 /* XCLocalSwiftPackageReference "Packages/CaptureEngine" */,
				AA0001012F70A00000000004 /* XCLocalSwiftPackageReference "Packages/AnnotateEngine" */,
				AA0001012F70A00000000005 /* XCLocalSwiftPackageReference "Packages/OverlayUI" */,
			);
			projectDirPath = "";
			projectRoot = "";
			targets = (
				799AB0522F60E6C500E34CC6 /* Clicher */,
				799AB05F2F60E6C600E34CC6 /* ClicherTests */,
				799AB0692F60E6C600E34CC6 /* ClicherUITests */,
			);
		};
/* End PBXProject section */

/* Begin PBXResourcesBuildPhase section */
		799AB0512F60E6C500E34CC6 /* Resources */ = {
			isa = PBXResourcesBuildPhase;
			buildActionMask = 2147483647;
			files = (
			);
			runOnlyForDeploymentPostprocessing = 0;
		};
		799AB05E2F60E6C600E34CC6 /* Resources */ = {
			isa = PBXResourcesBuildPhase;
			buildActionMask = 2147483647;
			files = (
			);
			runOnlyForDeploymentPostprocessing = 0;
		};
		799AB0682F60E6C600E34CC6 /* Resources */ = {
			isa = PBXResourcesBuildPhase;
			buildActionMask = 2147483647;
			files = (
			);
			runOnlyForDeploymentPostprocessing = 0;
		};
/* End PBXResourcesBuildPhase section */

/* Begin PBXSourcesBuildPhase section */
		799AB04F2F60E6C500E34CC6 /* Sources */ = {
			isa = PBXSourcesBuildPhase;
			buildActionMask = 2147483647;
			files = (
			);
			runOnlyForDeploymentPostprocessing = 0;
		};
		799AB05C2F60E6C600E34CC6 /* Sources */ = {
			isa = PBXSourcesBuildPhase;
			buildActionMask = 2147483647;
			files = (
			);
			runOnlyForDeploymentPostprocessing = 0;
		};
		799AB0662F60E6C600E34CC6 /* Sources */ = {
			isa = PBXSourcesBuildPhase;
			buildActionMask = 2147483647;
			files = (
			);
			runOnlyForDeploymentPostprocessing = 0;
		};
/* End PBXSourcesBuildPhase section */

/* Begin PBXTargetDependency section */
		799AB0622F60E6C600E34CC6 /* PBXTargetDependency */ = {
			isa = PBXTargetDependency;
			target = 799AB0522F60E6C500E34CC6 /* Clicher */;
			targetProxy = 799AB0612F60E6C600E34CC6 /* PBXContainerItemProxy */;
		};
		799AB06C2F60E6C600E34CC6 /* PBXTargetDependency */ = {
			isa = PBXTargetDependency;
			target = 799AB0522F60E6C500E34CC6 /* Clicher */;
			targetProxy = 799AB06B2F60E6C600E34CC6 /* PBXContainerItemProxy */;
		};
/* End PBXTargetDependency section */

/* Begin XCBuildConfiguration section */
		799AB0722F60E6C600E34CC6 /* Debug */ = {
			isa = XCBuildConfiguration;
			buildSettings = {
				ALWAYS_SEARCH_USER_PATHS = NO;
				ASSETCATALOG_COMPILER_GENERATE_SWIFT_ASSET_SYMBOL_EXTENSIONS = YES;
				CLANG_ANALYZER_NONNULL = YES;
				CLANG_ANALYZER_NUMBER_OBJECT_CONVERSION = YES_AGGRESSIVE;
				CLANG_CXX_LANGUAGE_STANDARD = "gnu++20";
				CLANG_ENABLE_MODULES = YES;
				CLANG_ENABLE_OBJC_ARC = YES;
				CLANG_ENABLE_OBJC_WEAK = YES;
				CLANG_WARN_BLOCK_CAPTURE_AUTORELEASING = YES;
				CLANG_WARN_BOOL_CONVERSION = YES;
				CLANG_WARN_COMMA = YES;
				CLANG_WARN_CONSTANT_CONVERSION = YES;
				CLANG_WARN_DEPRECATED_OBJC_IMPLEMENTATIONS = YES;
				CLANG_WARN_DIRECT_OBJC_ISA_USAGE = YES_ERROR;
				CLANG_WARN_DOCUMENTATION_COMMENTS = YES;
				CLANG_WARN_EMPTY_BODY = YES;
				CLANG_WARN_ENUM_CONVERSION = YES;
				CLANG_WARN_INFINITE_RECURSION = YES;
				CLANG_WARN_INT_CONVERSION = YES;
				CLANG_WARN_NON_LITERAL_NULL_CONVERSION = YES;
				CLANG_WARN_OBJC_IMPLICIT_RETAIN_SELF = YES;
				CLANG_WARN_OBJC_LITERAL_CONVERSION = YES;
				CLANG_WARN_OBJC_ROOT_CLASS = YES_ERROR;
				CLANG_WARN_QUOTED_INCLUDE_IN_FRAMEWORK_HEADER = YES;
				CLANG_WARN_RANGE_LOOP_ANALYSIS = YES;
				CLANG_WARN_STRICT_PROTOTYPES = YES;
				CLANG_WARN_SUSPICIOUS_MOVE = YES;
				CLANG_WARN_UNGUARDED_AVAILABILITY = YES_AGGRESSIVE;
				CLANG_WARN_UNREACHABLE_CODE = YES;
				CLANG_WARN__DUPLICATE_METHOD_MATCH = YES;
				COPY_PHASE_STRIP = NO;
				DEBUG_INFORMATION_FORMAT = dwarf;
				ENABLE_STRICT_OBJC_MSGSEND = YES;
				ENABLE_TESTABILITY = YES;
				ENABLE_USER_SCRIPT_SANDBOXING = YES;
				GCC_C_LANGUAGE_STANDARD = gnu17;
				GCC_DYNAMIC_NO_PIC = NO;
				GCC_NO_COMMON_BLOCKS = YES;
				GCC_OPTIMIZATION_LEVEL = 0;
				GCC_PREPROCESSOR_DEFINITIONS = (
					"DEBUG=1",
					"$(inherited)",
				);
				GCC_WARN_64_TO_32_BIT_CONVERSION = YES;
				GCC_WARN_ABOUT_RETURN_TYPE = YES_ERROR;
				GCC_WARN_UNDECLARED_SELECTOR = YES;
				GCC_WARN_UNINITIALIZED_AUTOS = YES_AGGRESSIVE;
				GCC_WARN_UNUSED_FUNCTION = YES;
				GCC_WARN_UNUSED_VARIABLE = YES;
				LOCALIZATION_PREFERS_STRING_CATALOGS = YES;
				MACOSX_DEPLOYMENT_TARGET = 14.0;
				MTL_ENABLE_DEBUG_INFO = INCLUDE_SOURCE;
				MTL_FAST_MATH = YES;
				ONLY_ACTIVE_ARCH = YES;
				SDKROOT = macosx;
				SWIFT_ACTIVE_COMPILATION_CONDITIONS = "DEBUG $(inherited)";
				SWIFT_OPTIMIZATION_LEVEL = "-Onone";
			};
			name = Debug;
		};
		799AB0732F60E6C600E34CC6 /* Release */ = {
			isa = XCBuildConfiguration;
			buildSettings = {
				ALWAYS_SEARCH_USER_PATHS = NO;
				ASSETCATALOG_COMPILER_GENERATE_SWIFT_ASSET_SYMBOL_EXTENSIONS = YES;
				CLANG_ANALYZER_NONNULL = YES;
				CLANG_ANALYZER_NUMBER_OBJECT_CONVERSION = YES_AGGRESSIVE;
				CLANG_CXX_LANGUAGE_STANDARD = "gnu++20";
				CLANG_ENABLE_MODULES = YES;
				CLANG_ENABLE_OBJC_ARC = YES;
				CLANG_ENABLE_OBJC_WEAK = YES;
				CLANG_WARN_BLOCK_CAPTURE_AUTORELEASING = YES;
				CLANG_WARN_BOOL_CONVERSION = YES;
				CLANG_WARN_COMMA = YES;
				CLANG_WARN_CONSTANT_CONVERSION = YES;
				CLANG_WARN_DEPRECATED_OBJC_IMPLEMENTATIONS = YES;
				CLANG_WARN_DIRECT_OBJC_ISA_USAGE = YES_ERROR;
				CLANG_WARN_DOCUMENTATION_COMMENTS = YES;
				CLANG_WARN_EMPTY_BODY = YES;
				CLANG_WARN_ENUM_CONVERSION = YES;
				CLANG_WARN_INFINITE_RECURSION = YES;
				CLANG_WARN_INT_CONVERSION = YES;
				CLANG_WARN_NON_LITERAL_NULL_CONVERSION = YES;
				CLANG_WARN_OBJC_IMPLICIT_RETAIN_SELF = YES;
				CLANG_WARN_OBJC_LITERAL_CONVERSION = YES;
				CLANG_WARN_OBJC_ROOT_CLASS = YES_ERROR;
				CLANG_WARN_QUOTED_INCLUDE_IN_FRAMEWORK_HEADER = YES;
				CLANG_WARN_RANGE_LOOP_ANALYSIS = YES;
				CLANG_WARN_STRICT_PROTOTYPES = YES;
				CLANG_WARN_SUSPICIOUS_MOVE = YES;
				CLANG_WARN_UNGUARDED_AVAILABILITY = YES_AGGRESSIVE;
				CLANG_WARN_UNREACHABLE_CODE = YES;
				CLANG_WARN__DUPLICATE_METHOD_MATCH = YES;
				COPY_PHASE_STRIP = NO;
				DEBUG_INFORMATION_FORMAT = "dwarf-with-dsym";
				ENABLE_NS_ASSERTIONS = NO;
				ENABLE_STRICT_OBJC_MSGSEND = YES;
				ENABLE_USER_SCRIPT_SANDBOXING = YES;
				GCC_C_LANGUAGE_STANDARD = gnu17;
				GCC_NO_COMMON_BLOCKS = YES;
				GCC_WARN_64_TO_32_BIT_CONVERSION = YES;
				GCC_WARN_ABOUT_RETURN_TYPE = YES_ERROR;
				GCC_WARN_UNDECLARED_SELECTOR = YES;
				GCC_WARN_UNINITIALIZED_AUTOS = YES_AGGRESSIVE;
				GCC_WARN_UNUSED_FUNCTION = YES;
				GCC_WARN_UNUSED_VARIABLE = YES;
				LOCALIZATION_PREFERS_STRING_CATALOGS = YES;
				MACOSX_DEPLOYMENT_TARGET = 14.0;
				MTL_ENABLE_DEBUG_INFO = NO;
				MTL_FAST_MATH = YES;
				SDKROOT = macosx;
				SWIFT_COMPILATION_MODE = wholemodule;
			};
			name = Release;
		};
		799AB0752F60E6C600E34CC6 /* Debug */ = {
			isa = XCBuildConfiguration;
			buildSettings = {
				ASSETCATALOG_COMPILER_APPICON_NAME = AppIcon;
				ASSETCATALOG_COMPILER_GLOBAL_ACCENT_COLOR_NAME = AccentColor;
				CODE_SIGN_STYLE = Automatic;
				COMBINE_HIDPI_IMAGES = YES;
				CURRENT_PROJECT_VERSION = 1;
				ENABLE_APP_SANDBOX = NO;
				ENABLE_PREVIEWS = YES;
				GENERATE_INFOPLIST_FILE = YES;
				INFOPLIST_KEY_LSUIElement = YES;
				INFOPLIST_KEY_NSHumanReadableCopyright = "";
				LD_RUNPATH_SEARCH_PATHS = (
					"$(inherited)",
					"@executable_path/../Frameworks",
				);
				MARKETING_VERSION = 0.2.10;
				PRODUCT_BUNDLE_IDENTIFIER = "com.naoki-mrmt.Clicher";
				PRODUCT_NAME = "$(TARGET_NAME)";
				REGISTER_APP_GROUPS = YES;
				STRING_CATALOG_GENERATE_SYMBOLS = YES;
				SWIFT_APPROACHABLE_CONCURRENCY = YES;
				SWIFT_DEFAULT_ACTOR_ISOLATION = MainActor;
				SWIFT_EMIT_LOC_STRINGS = YES;
				SWIFT_UPCOMING_FEATURE_MEMBER_IMPORT_VISIBILITY = YES;
				SWIFT_VERSION = 6.0;
			};
			name = Debug;
		};
		799AB0762F60E6C600E34CC6 /* Release */ = {
			isa = XCBuildConfiguration;
			buildSettings = {
				ASSETCATALOG_COMPILER_APPICON_NAME = AppIcon;
				ASSETCATALOG_COMPILER_GLOBAL_ACCENT_COLOR_NAME = AccentColor;
				CODE_SIGN_STYLE = Automatic;
				COMBINE_HIDPI_IMAGES = YES;
				CURRENT_PROJECT_VERSION = 1;
				ENABLE_APP_SANDBOX = NO;
				ENABLE_PREVIEWS = YES;
				GENERATE_INFOPLIST_FILE = YES;
				INFOPLIST_KEY_LSUIElement = YES;
				INFOPLIST_KEY_NSHumanReadableCopyright = "";
				LD_RUNPATH_SEARCH_PATHS = (
					"$(inherited)",
					"@executable_path/../Frameworks",
				);
				MARKETING_VERSION = 0.2.10;
				PRODUCT_BUNDLE_IDENTIFIER = "com.naoki-mrmt.Clicher";
				PRODUCT_NAME = "$(TARGET_NAME)";
				REGISTER_APP_GROUPS = YES;
				STRING_CATALOG_GENERATE_SYMBOLS = YES;
				SWIFT_APPROACHABLE_CONCURRENCY = YES;
				SWIFT_DEFAULT_ACTOR_ISOLATION = MainActor;
				SWIFT_EMIT_LOC_STRINGS = YES;
				SWIFT_UPCOMING_FEATURE_MEMBER_IMPORT_VISIBILITY = YES;
				SWIFT_VERSION = 6.0;
			};
			name = Release;
		};
		799AB0782F60E6C600E34CC6 /* Debug */ = {
			isa = XCBuildConfiguration;
			buildSettings = {
				BUNDLE_LOADER = "$(TEST_HOST)";
				CODE_SIGN_STYLE = Automatic;
				CURRENT_PROJECT_VERSION = 1;
				GENERATE_INFOPLIST_FILE = YES;
				MACOSX_DEPLOYMENT_TARGET = 14.0;
				MARKETING_VERSION = 0.2.10;
				PRODUCT_BUNDLE_IDENTIFIER = "com.naoki-mrmt.ClicherTests";
				PRODUCT_NAME = "$(TARGET_NAME)";
				STRING_CATALOG_GENERATE_SYMBOLS = NO;
				SWIFT_APPROACHABLE_CONCURRENCY = YES;
				SWIFT_EMIT_LOC_STRINGS = NO;
				SWIFT_UPCOMING_FEATURE_MEMBER_IMPORT_VISIBILITY = YES;
				SWIFT_VERSION = 5.0;
				TEST_HOST = "$(BUILT_PRODUCTS_DIR)/Clicher.app/$(BUNDLE_EXECUTABLE_FOLDER_PATH)/Clicher";
			};
			name = Debug;
		};
		799AB0792F60E6C600E34CC6 /* Release */ = {
			isa = XCBuildConfiguration;
			buildSettings = {
				BUNDLE_LOADER = "$(TEST_HOST)";
				CODE_SIGN_STYLE = Automatic;
				CURRENT_PROJECT_VERSION = 1;
				GENERATE_INFOPLIST_FILE = YES;
				MACOSX_DEPLOYMENT_TARGET = 14.0;
				MARKETING_VERSION = 0.2.10;
				PRODUCT_BUNDLE_IDENTIFIER = "com.naoki-mrmt.ClicherTests";
				PRODUCT_NAME = "$(TARGET_NAME)";
				STRING_CATALOG_GENERATE_SYMBOLS = NO;
				SWIFT_APPROACHABLE_CONCURRENCY = YES;
				SWIFT_EMIT_LOC_STRINGS = NO;
				SWIFT_UPCOMING_FEATURE_MEMBER_IMPORT_VISIBILITY = YES;
				SWIFT_VERSION = 5.0;
				TEST_HOST = "$(BUILT_PRODUCTS_DIR)/Clicher.app/$(BUNDLE_EXECUTABLE_FOLDER_PATH)/Clicher";
			};
			name = Release;
		};
		799AB07B2F60E6C600E34CC6 /* Debug */ = {
			isa = XCBuildConfiguration;
			buildSettings = {
				CODE_SIGN_STYLE = Automatic;
				CURRENT_PROJECT_VERSION = 1;
				GENERATE_INFOPLIST_FILE = YES;
				MARKETING_VERSION = 0.2.10;
				PRODUCT_BUNDLE_IDENTIFIER = "com.naoki-mrmt.ClicherUITests";
				PRODUCT_NAME = "$(TARGET_NAME)";
				STRING_CATALOG_GENERATE_SYMBOLS = NO;
				SWIFT_APPROACHABLE_CONCURRENCY = YES;
				SWIFT_EMIT_LOC_STRINGS = NO;
				SWIFT_UPCOMING_FEATURE_MEMBER_IMPORT_VISIBILITY = YES;
				SWIFT_VERSION = 5.0;
				TEST_TARGET_NAME = Clicher;
			};
			name = Debug;
		};
		799AB07C2F60E6C600E34CC6 /* Release */ = {
			isa = XCBuildConfiguration;
			buildSettings = {
				CODE_SIGN_STYLE = Automatic;
				CURRENT_PROJECT_VERSION = 1;
				GENERATE_INFOPLIST_FILE = YES;
				MARKETING_VERSION = 0.2.10;
				PRODUCT_BUNDLE_IDENTIFIER = "com.naoki-mrmt.ClicherUITests";
				PRODUCT_NAME = "$(TARGET_NAME)";
				STRING_CATALOG_GENERATE_SYMBOLS = NO;
				SWIFT_APPROACHABLE_CONCURRENCY = YES;
				SWIFT_EMIT_LOC_STRINGS = NO;
				SWIFT_UPCOMING_FEATURE_MEMBER_IMPORT_VISIBILITY = YES;
				SWIFT_VERSION = 5.0;
				TEST_TARGET_NAME = Clicher;
			};
			name = Release;
		};
/* End XCBuildConfiguration section */

/* Begin XCConfigurationList section */
		799AB04E2F60E6C500E34CC6 /* Build configuration list for PBXProject "Clicher" */ = {
			isa = XCConfigurationList;
			buildConfigurations = (
				799AB0722F60E6C600E34CC6 /* Debug */,
				799AB0732F60E6C600E34CC6 /* Release */,
			);
			defaultConfigurationIsVisible = 0;
			defaultConfigurationName = Release;
		};
		799AB0742F60E6C600E34CC6 /* Build configuration list for PBXNativeTarget "Clicher" */ = {
			isa = XCConfigurationList;
			buildConfigurations = (
				799AB0752F60E6C600E34CC6 /* Debug */,
				799AB0762F60E6C600E34CC6 /* Release */,
			);
			defaultConfigurationIsVisible = 0;
			defaultConfigurationName = Release;
		};
		799AB0772F60E6C600E34CC6 /* Build configuration list for PBXNativeTarget "ClicherTests" */ = {
			isa = XCConfigurationList;
			buildConfigurations = (
				799AB0782F60E6C600E34CC6 /* Debug */,
				799AB0792F60E6C600E34CC6 /* Release */,
			);
			defaultConfigurationIsVisible = 0;
			defaultConfigurationName = Release;
		};
		799AB07A2F60E6C600E34CC6 /* Build configuration list for PBXNativeTarget "ClicherUITests" */ = {
			isa = XCConfigurationList;
			buildConfigurations = (
				799AB07B2F60E6C600E34CC6 /* Debug */,
				799AB07C2F60E6C600E34CC6 /* Release */,
			);
			defaultConfigurationIsVisible = 0;
			defaultConfigurationName = Release;
		};
/* End XCConfigurationList section */

/* Begin XCLocalSwiftPackageReference section */
		AA0001012F70A00000000001 /* XCLocalSwiftPackageReference "Packages/SharedModels" */ = {
			isa = XCLocalSwiftPackageReference;
			relativePath = Packages/SharedModels;
		};
		AA0001012F70A00000000002 /* XCLocalSwiftPackageReference "Packages/Utilities" */ = {
			isa = XCLocalSwiftPackageReference;
			relativePath = Packages/Utilities;
		};
		AA0001012F70A00000000003 /* XCLocalSwiftPackageReference "Packages/CaptureEngine" */ = {
			isa = XCLocalSwiftPackageReference;
			relativePath = Packages/CaptureEngine;
		};
		AA0001012F70A00000000004 /* XCLocalSwiftPackageReference "Packages/AnnotateEngine" */ = {
			isa = XCLocalSwiftPackageReference;
			relativePath = Packages/AnnotateEngine;
		};
		AA0001012F70A00000000005 /* XCLocalSwiftPackageReference "Packages/OverlayUI" */ = {
			isa = XCLocalSwiftPackageReference;
			relativePath = Packages/OverlayUI;
		};
/* End XCLocalSwiftPackageReference section */

/* Begin XCSwiftPackageProductDependency section */
		AA0002012F70B00000000001 /* SharedModels */ = {
			isa = XCSwiftPackageProductDependency;
			productName = SharedModels;
		};
		AA0002012F70B00000000002 /* Utilities */ = {
			isa = XCSwiftPackageProductDependency;
			productName = Utilities;
		};
		AA0002012F70B00000000003 /* CaptureEngine */ = {
			isa = XCSwiftPackageProductDependency;
			productName = CaptureEngine;
		};
		AA0002012F70B00000000004 /* AnnotateEngine */ = {
			isa = XCSwiftPackageProductDependency;
			productName = AnnotateEngine;
		};
		AA0002012F70B00000000005 /* OverlayUI */ = {
			isa = XCSwiftPackageProductDependency;
			productName = OverlayUI;
		};
/* End XCSwiftPackageProductDependency section */
	};
	rootObject = 799AB04B2F60E6C500E34CC6 /* Project object */;
}
